// !$*UTF8*$!
{
	archiveVersion = 1;
	classes = {
	};
	objectVersion = 50;
	objects = {

/* Begin PBXBuildFile section */
		5C095BEC21BE7B5A00EA2288 /* RestaurantViewController.swift in Sources */ = {isa = PBXBuildFile; fileRef = 5C095BEB21BE7B5A00EA2288 /* RestaurantViewController.swift */; };
		5C095BF221BE7B6900EA2288 /* RatingTableViewCell.swift in Sources */ = {isa = PBXBuildFile; fileRef = 5C095BED21BE7B6900EA2288 /* RatingTableViewCell.swift */; };
		5C095BF321BE7B6900EA2288 /* ReviewTableViewCell.swift in Sources */ = {isa = PBXBuildFile; fileRef = 5C095BEE21BE7B6900EA2288 /* ReviewTableViewCell.swift */; };
		5C095BF421BE7B6900EA2288 /* RecommendMenuViewCell.swift in Sources */ = {isa = PBXBuildFile; fileRef = 5C095BEF21BE7B6900EA2288 /* RecommendMenuViewCell.swift */; };
		5C095BF521BE7B6900EA2288 /* ReviewTableViewCell.xib in Resources */ = {isa = PBXBuildFile; fileRef = 5C095BF021BE7B6900EA2288 /* ReviewTableViewCell.xib */; };
		5C095BF621BE7B6900EA2288 /* ReviewTopTableViewCell.swift in Sources */ = {isa = PBXBuildFile; fileRef = 5C095BF121BE7B6900EA2288 /* ReviewTopTableViewCell.swift */; };
		5C095BFD21BE7B7200EA2288 /* PaymentView.swift in Sources */ = {isa = PBXBuildFile; fileRef = 5C095BF721BE7B7100EA2288 /* PaymentView.swift */; };
		5C095BFE21BE7B7200EA2288 /* HeaderView.swift in Sources */ = {isa = PBXBuildFile; fileRef = 5C095BF821BE7B7100EA2288 /* HeaderView.swift */; };
		5C095BFF21BE7B7200EA2288 /* TitleInfoView.swift in Sources */ = {isa = PBXBuildFile; fileRef = 5C095BF921BE7B7100EA2288 /* TitleInfoView.swift */; };
		5C095C0021BE7B7200EA2288 /* CategoryButtonsView.swift in Sources */ = {isa = PBXBuildFile; fileRef = 5C095BFA21BE7B7200EA2288 /* CategoryButtonsView.swift */; };
		5C095C0121BE7B7200EA2288 /* RecommendMenuView.swift in Sources */ = {isa = PBXBuildFile; fileRef = 5C095BFB21BE7B7200EA2288 /* RecommendMenuView.swift */; };
		5C095C0221BE7B7200EA2288 /* TitleImageView.swift in Sources */ = {isa = PBXBuildFile; fileRef = 5C095BFC21BE7B7200EA2288 /* TitleImageView.swift */; };
		5C095C0721BE7B7900EA2288 /* Menu.swift in Sources */ = {isa = PBXBuildFile; fileRef = 5C095C0421BE7B7900EA2288 /* Menu.swift */; };
		5C095C0821BE7B7900EA2288 /* Review.swift in Sources */ = {isa = PBXBuildFile; fileRef = 5C095C0521BE7B7900EA2288 /* Review.swift */; };
		5C1D02AA21AD55F500A90786 /* Login.storyboard in Resources */ = {isa = PBXBuildFile; fileRef = 5C1D02A921AD55F500A90786 /* Login.storyboard */; };
		5C1D02AC21AD572400A90786 /* LoginViewController.swift in Sources */ = {isa = PBXBuildFile; fileRef = 5C1D02AB21AD572400A90786 /* LoginViewController.swift */; };
		5C453DCF21B6700C00363FC2 /* Foodlist.swift in Sources */ = {isa = PBXBuildFile; fileRef = 5C453DCE21B6700C00363FC2 /* Foodlist.swift */; };
		5C83B26221B51CF300E68318 /* signup.storyboard in Resources */ = {isa = PBXBuildFile; fileRef = 5C83B26121B51CF300E68318 /* signup.storyboard */; };
		5C83B26421B51EF400E68318 /* SignUpViewController.swift in Sources */ = {isa = PBXBuildFile; fileRef = 5C83B26321B51EF400E68318 /* SignUpViewController.swift */; };
		5CE6128321ACE0AD004B03DF /* Sub.storyboard in Resources */ = {isa = PBXBuildFile; fileRef = 5CE6128221ACE0AD004B03DF /* Sub.storyboard */; };
		5CE6128621ACE182004B03DF /* Extension.swift in Sources */ = {isa = PBXBuildFile; fileRef = 5CE6128521ACE182004B03DF /* Extension.swift */; };
		5CE6128921ACE18D004B03DF /* eateryVO.swift in Sources */ = {isa = PBXBuildFile; fileRef = 5CE6128721ACE18D004B03DF /* eateryVO.swift */; };
		5CE6128A21ACE18D004B03DF /* eatery.swift in Sources */ = {isa = PBXBuildFile; fileRef = 5CE6128821ACE18D004B03DF /* eatery.swift */; };
		5CE6128C21ACE1A4004B03DF /* data.json in Resources */ = {isa = PBXBuildFile; fileRef = 5CE6128B21ACE1A4004B03DF /* data.json */; };
		5CE6129621ACE1BF004B03DF /* RestaurantCell.xib in Resources */ = {isa = PBXBuildFile; fileRef = 5CE6128E21ACE1BE004B03DF /* RestaurantCell.xib */; };
		5CE6129721ACE1BF004B03DF /* PubCell.swift in Sources */ = {isa = PBXBuildFile; fileRef = 5CE6128F21ACE1BE004B03DF /* PubCell.swift */; };
		5CE6129821ACE1BF004B03DF /* CafeCell.xib in Resources */ = {isa = PBXBuildFile; fileRef = 5CE6129021ACE1BE004B03DF /* CafeCell.xib */; };
		5CE6129921ACE1BF004B03DF /* CustomCell.xib in Resources */ = {isa = PBXBuildFile; fileRef = 5CE6129121ACE1BE004B03DF /* CustomCell.xib */; };
		5CE6129A21ACE1BF004B03DF /* PubCell.xib in Resources */ = {isa = PBXBuildFile; fileRef = 5CE6129221ACE1BF004B03DF /* PubCell.xib */; };
		5CE6129B21ACE1BF004B03DF /* CustomCell.swift in Sources */ = {isa = PBXBuildFile; fileRef = 5CE6129321ACE1BF004B03DF /* CustomCell.swift */; };
		5CE6129C21ACE1BF004B03DF /* CafeCell.swift in Sources */ = {isa = PBXBuildFile; fileRef = 5CE6129421ACE1BF004B03DF /* CafeCell.swift */; };
		5CE6129D21ACE1BF004B03DF /* RestaurantCell.swift in Sources */ = {isa = PBXBuildFile; fileRef = 5CE6129521ACE1BF004B03DF /* RestaurantCell.swift */; };
		5CE6129F21ACE1CE004B03DF /* ClassificationViewController.swift in Sources */ = {isa = PBXBuildFile; fileRef = 5CE6129E21ACE1CE004B03DF /* ClassificationViewController.swift */; };
		AD1F2A3621B177DF0054D24A /* CouponVC.swift in Sources */ = {isa = PBXBuildFile; fileRef = AD1F2A3521B177DF0054D24A /* CouponVC.swift */; };
		AD1F2A3D21B1BFED0054D24A /* Coupon.storyboard in Resources */ = {isa = PBXBuildFile; fileRef = AD1F2A3C21B1BFED0054D24A /* Coupon.storyboard */; };
		AD710CA121BFA64200109856 /* CategoryCell.swift in Sources */ = {isa = PBXBuildFile; fileRef = AD710CA021BFA64200109856 /* CategoryCell.swift */; };
		AD710CA321BFA64F00109856 /* AdCell.swift in Sources */ = {isa = PBXBuildFile; fileRef = AD710CA221BFA64F00109856 /* AdCell.swift */; };
		AD91130C21AC46D700D12E0F /* MainVC.swift in Sources */ = {isa = PBXBuildFile; fileRef = AD91130B21AC46D700D12E0F /* MainVC.swift */; };
		AD91130E21AC47B100D12E0F /* SideMenuVC.swift in Sources */ = {isa = PBXBuildFile; fileRef = AD91130D21AC47B100D12E0F /* SideMenuVC.swift */; };
		AD91131021AC47D500D12E0F /* ContainerVC.swift in Sources */ = {isa = PBXBuildFile; fileRef = AD91130F21AC47D500D12E0F /* ContainerVC.swift */; };
		ADBB2DE721AEB05B00C57287 /* adVC.swift in Sources */ = {isa = PBXBuildFile; fileRef = ADBB2DE621AEB05B00C57287 /* adVC.swift */; };
		ADD3738421A3942B00471349 /* AppDelegate.swift in Sources */ = {isa = PBXBuildFile; fileRef = ADD3738321A3942B00471349 /* AppDelegate.swift */; };
		ADD3738921A3942B00471349 /* Main.storyboard in Resources */ = {isa = PBXBuildFile; fileRef = ADD3738721A3942B00471349 /* Main.storyboard */; };
		ADD3738B21A3942C00471349 /* Assets.xcassets in Resources */ = {isa = PBXBuildFile; fileRef = ADD3738A21A3942C00471349 /* Assets.xcassets */; };
		ADD3738E21A3942C00471349 /* LaunchScreen.storyboard in Resources */ = {isa = PBXBuildFile; fileRef = ADD3738C21A3942C00471349 /* LaunchScreen.storyboard */; };
		BB57CA04B2AFFCD522BE0831 /* Pods_Yogiyo.framework in Frameworks */ = {isa = PBXBuildFile; fileRef = F58406E66D835A022FDD851F /* Pods_Yogiyo.framework */; };
		F57DFD7321AD0E2800EB3953 /* StoreInfo.storyboard in Resources */ = {isa = PBXBuildFile; fileRef = F57DFD7221AD0E2800EB3953 /* StoreInfo.storyboard */; };
		F57DFD7521AD0E5800EB3953 /* StoreInfoViewController.swift in Sources */ = {isa = PBXBuildFile; fileRef = F57DFD7421AD0E5800EB3953 /* StoreInfoViewController.swift */; };
		F57DFD7821AD107F00EB3953 /* StoreInfoSctollView.swift in Sources */ = {isa = PBXBuildFile; fileRef = F57DFD7721AD107F00EB3953 /* StoreInfoSctollView.swift */; };
		F57DFD7A21AD10AE00EB3953 /* PaymentButtonView.swift in Sources */ = {isa = PBXBuildFile; fileRef = F57DFD7921AD10AE00EB3953 /* PaymentButtonView.swift */; };
		F57DFD7C21AD10C700EB3953 /* TitleView.swift in Sources */ = {isa = PBXBuildFile; fileRef = F57DFD7B21AD10C700EB3953 /* TitleView.swift */; };
		F57DFD7E21AD10EA00EB3953 /* CategoryButtonView.swift in Sources */ = {isa = PBXBuildFile; fileRef = F57DFD7D21AD10EA00EB3953 /* CategoryButtonView.swift */; };
		F5A5C6BB21C0C79700C55E20 /* SelectionPaymentView.swift in Sources */ = {isa = PBXBuildFile; fileRef = F5A5C6BA21C0C79700C55E20 /* SelectionPaymentView.swift */; };
		F5A5C6BD21C0CCBF00C55E20 /* SelectionInfoTableViewCell.swift in Sources */ = {isa = PBXBuildFile; fileRef = F5A5C6BC21C0CCBF00C55E20 /* SelectionInfoTableViewCell.swift */; };
		F5FE491721BFA38600AD0B83 /* MenuTableViewCell.swift in Sources */ = {isa = PBXBuildFile; fileRef = F5FE491621BFA38600AD0B83 /* MenuTableViewCell.swift */; };
		F5FE491921BFADD600AD0B83 /* MenuTitleTableViewCell.swift in Sources */ = {isa = PBXBuildFile; fileRef = F5FE491821BFADD600AD0B83 /* MenuTitleTableViewCell.swift */; };
		F5FE491B21BFB19100AD0B83 /* RatingStarView.swift in Sources */ = {isa = PBXBuildFile; fileRef = F5FE491A21BFB19100AD0B83 /* RatingStarView.swift */; };
		F5FE491D21BFD96600AD0B83 /* SelectionViewController.swift in Sources */ = {isa = PBXBuildFile; fileRef = F5FE491C21BFD96600AD0B83 /* SelectionViewController.swift */; };
/* End PBXBuildFile section */

/* Begin PBXFileReference section */
		5C095BEB21BE7B5A00EA2288 /* RestaurantViewController.swift */ = {isa = PBXFileReference; fileEncoding = 4; lastKnownFileType = sourcecode.swift; path = RestaurantViewController.swift; sourceTree = "<group>"; };
		5C095BED21BE7B6900EA2288 /* RatingTableViewCell.swift */ = {isa = PBXFileReference; fileEncoding = 4; lastKnownFileType = sourcecode.swift; path = RatingTableViewCell.swift; sourceTree = "<group>"; };
		5C095BEE21BE7B6900EA2288 /* ReviewTableViewCell.swift */ = {isa = PBXFileReference; fileEncoding = 4; lastKnownFileType = sourcecode.swift; path = ReviewTableViewCell.swift; sourceTree = "<group>"; };
		5C095BEF21BE7B6900EA2288 /* RecommendMenuViewCell.swift */ = {isa = PBXFileReference; fileEncoding = 4; lastKnownFileType = sourcecode.swift; path = RecommendMenuViewCell.swift; sourceTree = "<group>"; };
		5C095BF021BE7B6900EA2288 /* ReviewTableViewCell.xib */ = {isa = PBXFileReference; fileEncoding = 4; lastKnownFileType = file.xib; path = ReviewTableViewCell.xib; sourceTree = "<group>"; };
		5C095BF121BE7B6900EA2288 /* ReviewTopTableViewCell.swift */ = {isa = PBXFileReference; fileEncoding = 4; lastKnownFileType = sourcecode.swift; path = ReviewTopTableViewCell.swift; sourceTree = "<group>"; };
		5C095BF721BE7B7100EA2288 /* PaymentView.swift */ = {isa = PBXFileReference; fileEncoding = 4; lastKnownFileType = sourcecode.swift; path = PaymentView.swift; sourceTree = "<group>"; };
		5C095BF821BE7B7100EA2288 /* HeaderView.swift */ = {isa = PBXFileReference; fileEncoding = 4; lastKnownFileType = sourcecode.swift; path = HeaderView.swift; sourceTree = "<group>"; };
		5C095BF921BE7B7100EA2288 /* TitleInfoView.swift */ = {isa = PBXFileReference; fileEncoding = 4; lastKnownFileType = sourcecode.swift; path = TitleInfoView.swift; sourceTree = "<group>"; };
		5C095BFA21BE7B7200EA2288 /* CategoryButtonsView.swift */ = {isa = PBXFileReference; fileEncoding = 4; lastKnownFileType = sourcecode.swift; path = CategoryButtonsView.swift; sourceTree = "<group>"; };
		5C095BFB21BE7B7200EA2288 /* RecommendMenuView.swift */ = {isa = PBXFileReference; fileEncoding = 4; lastKnownFileType = sourcecode.swift; path = RecommendMenuView.swift; sourceTree = "<group>"; };
		5C095BFC21BE7B7200EA2288 /* TitleImageView.swift */ = {isa = PBXFileReference; fileEncoding = 4; lastKnownFileType = sourcecode.swift; path = TitleImageView.swift; sourceTree = "<group>"; };
		5C095C0421BE7B7900EA2288 /* Menu.swift */ = {isa = PBXFileReference; fileEncoding = 4; lastKnownFileType = sourcecode.swift; path = Menu.swift; sourceTree = "<group>"; };
		5C095C0521BE7B7900EA2288 /* Review.swift */ = {isa = PBXFileReference; fileEncoding = 4; lastKnownFileType = sourcecode.swift; path = Review.swift; sourceTree = "<group>"; };
		5C1D02A921AD55F500A90786 /* Login.storyboard */ = {isa = PBXFileReference; fileEncoding = 4; lastKnownFileType = file.storyboard; name = Login.storyboard; path = Yogiyo/Storyboards/Login.storyboard; sourceTree = "<group>"; };
		5C1D02AB21AD572400A90786 /* LoginViewController.swift */ = {isa = PBXFileReference; lastKnownFileType = sourcecode.swift; path = LoginViewController.swift; sourceTree = "<group>"; };
		5C453DCE21B6700C00363FC2 /* Foodlist.swift */ = {isa = PBXFileReference; lastKnownFileType = sourcecode.swift; path = Foodlist.swift; sourceTree = "<group>"; };
		5C83B26121B51CF300E68318 /* signup.storyboard */ = {isa = PBXFileReference; lastKnownFileType = file.storyboard; path = signup.storyboard; sourceTree = "<group>"; };
		5C83B26321B51EF400E68318 /* SignUpViewController.swift */ = {isa = PBXFileReference; lastKnownFileType = sourcecode.swift; path = SignUpViewController.swift; sourceTree = "<group>"; };
		5C94238C21B5307000F27097 /* Yogiyo-Bridging-Header.h */ = {isa = PBXFileReference; lastKnownFileType = sourcecode.c.h; path = "Yogiyo-Bridging-Header.h"; sourceTree = "<group>"; };
		5CE6128221ACE0AD004B03DF /* Sub.storyboard */ = {isa = PBXFileReference; fileEncoding = 4; lastKnownFileType = file.storyboard; path = Sub.storyboard; sourceTree = "<group>"; };
		5CE6128521ACE182004B03DF /* Extension.swift */ = {isa = PBXFileReference; fileEncoding = 4; lastKnownFileType = sourcecode.swift; path = Extension.swift; sourceTree = "<group>"; };
		5CE6128721ACE18D004B03DF /* eateryVO.swift */ = {isa = PBXFileReference; fileEncoding = 4; lastKnownFileType = sourcecode.swift; path = eateryVO.swift; sourceTree = "<group>"; };
		5CE6128821ACE18D004B03DF /* eatery.swift */ = {isa = PBXFileReference; fileEncoding = 4; lastKnownFileType = sourcecode.swift; path = eatery.swift; sourceTree = "<group>"; };
		5CE6128B21ACE1A4004B03DF /* data.json */ = {isa = PBXFileReference; fileEncoding = 4; lastKnownFileType = text.json; path = data.json; sourceTree = "<group>"; };
		5CE6128E21ACE1BE004B03DF /* RestaurantCell.xib */ = {isa = PBXFileReference; fileEncoding = 4; lastKnownFileType = file.xib; path = RestaurantCell.xib; sourceTree = "<group>"; };
		5CE6128F21ACE1BE004B03DF /* PubCell.swift */ = {isa = PBXFileReference; fileEncoding = 4; lastKnownFileType = sourcecode.swift; path = PubCell.swift; sourceTree = "<group>"; };
		5CE6129021ACE1BE004B03DF /* CafeCell.xib */ = {isa = PBXFileReference; fileEncoding = 4; lastKnownFileType = file.xib; path = CafeCell.xib; sourceTree = "<group>"; };
		5CE6129121ACE1BE004B03DF /* CustomCell.xib */ = {isa = PBXFileReference; fileEncoding = 4; lastKnownFileType = file.xib; path = CustomCell.xib; sourceTree = "<group>"; };
		5CE6129221ACE1BF004B03DF /* PubCell.xib */ = {isa = PBXFileReference; fileEncoding = 4; lastKnownFileType = file.xib; path = PubCell.xib; sourceTree = "<group>"; };
		5CE6129321ACE1BF004B03DF /* CustomCell.swift */ = {isa = PBXFileReference; fileEncoding = 4; lastKnownFileType = sourcecode.swift; path = CustomCell.swift; sourceTree = "<group>"; };
		5CE6129421ACE1BF004B03DF /* CafeCell.swift */ = {isa = PBXFileReference; fileEncoding = 4; lastKnownFileType = sourcecode.swift; path = CafeCell.swift; sourceTree = "<group>"; };
		5CE6129521ACE1BF004B03DF /* RestaurantCell.swift */ = {isa = PBXFileReference; fileEncoding = 4; lastKnownFileType = sourcecode.swift; path = RestaurantCell.swift; sourceTree = "<group>"; };
		5CE6129E21ACE1CE004B03DF /* ClassificationViewController.swift */ = {isa = PBXFileReference; fileEncoding = 4; lastKnownFileType = sourcecode.swift; path = ClassificationViewController.swift; sourceTree = "<group>"; };
		AD1F2A3521B177DF0054D24A /* CouponVC.swift */ = {isa = PBXFileReference; lastKnownFileType = sourcecode.swift; path = CouponVC.swift; sourceTree = "<group>"; };
		AD1F2A3C21B1BFED0054D24A /* Coupon.storyboard */ = {isa = PBXFileReference; fileEncoding = 4; lastKnownFileType = file.storyboard; path = Coupon.storyboard; sourceTree = "<group>"; };
		AD710CA021BFA64200109856 /* CategoryCell.swift */ = {isa = PBXFileReference; lastKnownFileType = sourcecode.swift; path = CategoryCell.swift; sourceTree = "<group>"; };
		AD710CA221BFA64F00109856 /* AdCell.swift */ = {isa = PBXFileReference; lastKnownFileType = sourcecode.swift; path = AdCell.swift; sourceTree = "<group>"; };
		AD91130B21AC46D700D12E0F /* MainVC.swift */ = {isa = PBXFileReference; lastKnownFileType = sourcecode.swift; path = MainVC.swift; sourceTree = "<group>"; };
		AD91130D21AC47B100D12E0F /* SideMenuVC.swift */ = {isa = PBXFileReference; lastKnownFileType = sourcecode.swift; path = SideMenuVC.swift; sourceTree = "<group>"; };
		AD91130F21AC47D500D12E0F /* ContainerVC.swift */ = {isa = PBXFileReference; lastKnownFileType = sourcecode.swift; path = ContainerVC.swift; sourceTree = "<group>"; };
		ADBB2DE621AEB05B00C57287 /* adVC.swift */ = {isa = PBXFileReference; lastKnownFileType = sourcecode.swift; path = adVC.swift; sourceTree = "<group>"; };
		ADD3738021A3942B00471349 /* Yogiyo.app */ = {isa = PBXFileReference; explicitFileType = wrapper.application; includeInIndex = 0; path = Yogiyo.app; sourceTree = BUILT_PRODUCTS_DIR; };
		ADD3738321A3942B00471349 /* AppDelegate.swift */ = {isa = PBXFileReference; lastKnownFileType = sourcecode.swift; path = AppDelegate.swift; sourceTree = "<group>"; };
		ADD3738821A3942B00471349 /* Base */ = {isa = PBXFileReference; lastKnownFileType = file.storyboard; name = Base; path = Base.lproj/Main.storyboard; sourceTree = "<group>"; };
		ADD3738A21A3942C00471349 /* Assets.xcassets */ = {isa = PBXFileReference; lastKnownFileType = folder.assetcatalog; path = Assets.xcassets; sourceTree = "<group>"; };
		ADD3738D21A3942C00471349 /* Base */ = {isa = PBXFileReference; lastKnownFileType = file.storyboard; name = Base; path = Base.lproj/LaunchScreen.storyboard; sourceTree = "<group>"; };
		ADD3738F21A3942C00471349 /* Info.plist */ = {isa = PBXFileReference; lastKnownFileType = text.plist.xml; path = Info.plist; sourceTree = "<group>"; };
		B1DBFE11AB4E3C0BF44E3D60 /* Pods-Yogiyo.debug.xcconfig */ = {isa = PBXFileReference; includeInIndex = 1; lastKnownFileType = text.xcconfig; name = "Pods-Yogiyo.debug.xcconfig"; path = "Pods/Target Support Files/Pods-Yogiyo/Pods-Yogiyo.debug.xcconfig"; sourceTree = "<group>"; };
		BF250CD3012A0EE3BF47B6DA /* Pods-Yogiyo.release.xcconfig */ = {isa = PBXFileReference; includeInIndex = 1; lastKnownFileType = text.xcconfig; name = "Pods-Yogiyo.release.xcconfig"; path = "Pods/Target Support Files/Pods-Yogiyo/Pods-Yogiyo.release.xcconfig"; sourceTree = "<group>"; };
		F57DFD7221AD0E2800EB3953 /* StoreInfo.storyboard */ = {isa = PBXFileReference; fileEncoding = 4; lastKnownFileType = file.storyboard; path = StoreInfo.storyboard; sourceTree = "<group>"; };
		F57DFD7421AD0E5800EB3953 /* StoreInfoViewController.swift */ = {isa = PBXFileReference; lastKnownFileType = sourcecode.swift; path = StoreInfoViewController.swift; sourceTree = "<group>"; };
		F57DFD7721AD107F00EB3953 /* StoreInfoSctollView.swift */ = {isa = PBXFileReference; lastKnownFileType = sourcecode.swift; path = StoreInfoSctollView.swift; sourceTree = "<group>"; };
		F57DFD7921AD10AE00EB3953 /* PaymentButtonView.swift */ = {isa = PBXFileReference; lastKnownFileType = sourcecode.swift; path = PaymentButtonView.swift; sourceTree = "<group>"; };
		F57DFD7B21AD10C700EB3953 /* TitleView.swift */ = {isa = PBXFileReference; lastKnownFileType = sourcecode.swift; path = TitleView.swift; sourceTree = "<group>"; };
		F57DFD7D21AD10EA00EB3953 /* CategoryButtonView.swift */ = {isa = PBXFileReference; lastKnownFileType = sourcecode.swift; path = CategoryButtonView.swift; sourceTree = "<group>"; };
		F58406E66D835A022FDD851F /* Pods_Yogiyo.framework */ = {isa = PBXFileReference; explicitFileType = wrapper.framework; includeInIndex = 0; path = Pods_Yogiyo.framework; sourceTree = BUILT_PRODUCTS_DIR; };
		F5A5C6BA21C0C79700C55E20 /* SelectionPaymentView.swift */ = {isa = PBXFileReference; lastKnownFileType = sourcecode.swift; path = SelectionPaymentView.swift; sourceTree = "<group>"; };
		F5A5C6BC21C0CCBF00C55E20 /* SelectionInfoTableViewCell.swift */ = {isa = PBXFileReference; lastKnownFileType = sourcecode.swift; path = SelectionInfoTableViewCell.swift; sourceTree = "<group>"; };
		F5FE491621BFA38600AD0B83 /* MenuTableViewCell.swift */ = {isa = PBXFileReference; lastKnownFileType = sourcecode.swift; path = MenuTableViewCell.swift; sourceTree = "<group>"; };
		F5FE491821BFADD600AD0B83 /* MenuTitleTableViewCell.swift */ = {isa = PBXFileReference; lastKnownFileType = sourcecode.swift; path = MenuTitleTableViewCell.swift; sourceTree = "<group>"; };
		F5FE491A21BFB19100AD0B83 /* RatingStarView.swift */ = {isa = PBXFileReference; lastKnownFileType = sourcecode.swift; path = RatingStarView.swift; sourceTree = "<group>"; };
		F5FE491C21BFD96600AD0B83 /* SelectionViewController.swift */ = {isa = PBXFileReference; lastKnownFileType = sourcecode.swift; path = SelectionViewController.swift; sourceTree = "<group>"; };
/* End PBXFileReference section */

/* Begin PBXFrameworksBuildPhase section */
		ADD3737D21A3942B00471349 /* Frameworks */ = {
			isa = PBXFrameworksBuildPhase;
			buildActionMask = 2147483647;
			files = (
				BB57CA04B2AFFCD522BE0831 /* Pods_Yogiyo.framework in Frameworks */,
			);
			runOnlyForDeploymentPostprocessing = 0;
		};
/* End PBXFrameworksBuildPhase section */

/* Begin PBXGroup section */
		5C095BC421BE7ABB00EA2288 /* lastpage */ = {
			isa = PBXGroup;
			children = (
				5C095BEA21BE7B3A00EA2288 /* Model */,
				5C095BE921BE7B3800EA2288 /* View */,
				5C095BE821BE7B3600EA2288 /* ViewController */,
				5C095BE721BE7B3300EA2288 /* Cell */,
			);
			path = lastpage;
			sourceTree = "<group>";
		};
		5C095BE721BE7B3300EA2288 /* Cell */ = {
			isa = PBXGroup;
			children = (
				5C095BEF21BE7B6900EA2288 /* RecommendMenuViewCell.swift */,
				F5FE491821BFADD600AD0B83 /* MenuTitleTableViewCell.swift */,
				F5FE491621BFA38600AD0B83 /* MenuTableViewCell.swift */,
				5C095BED21BE7B6900EA2288 /* RatingTableViewCell.swift */,
				5C095BF121BE7B6900EA2288 /* ReviewTopTableViewCell.swift */,
				5C095BF021BE7B6900EA2288 /* ReviewTableViewCell.xib */,
				5C095BEE21BE7B6900EA2288 /* ReviewTableViewCell.swift */,
				F5A5C6BC21C0CCBF00C55E20 /* SelectionInfoTableViewCell.swift */,
			);
			path = Cell;
			sourceTree = "<group>";
		};
		5C095BE821BE7B3600EA2288 /* ViewController */ = {
			isa = PBXGroup;
			children = (
				5C095BEB21BE7B5A00EA2288 /* RestaurantViewController.swift */,
				F5FE491C21BFD96600AD0B83 /* SelectionViewController.swift */,
			);
			path = ViewController;
			sourceTree = "<group>";
		};
		5C095BE921BE7B3800EA2288 /* View */ = {
			isa = PBXGroup;
			children = (
				5C095BF721BE7B7100EA2288 /* PaymentView.swift */,
				F5A5C6BA21C0C79700C55E20 /* SelectionPaymentView.swift */,
				5C095BF821BE7B7100EA2288 /* HeaderView.swift */,
				5C095BFC21BE7B7200EA2288 /* TitleImageView.swift */,
				5C095BF921BE7B7100EA2288 /* TitleInfoView.swift */,
				5C095BFA21BE7B7200EA2288 /* CategoryButtonsView.swift */,
				5C095BFB21BE7B7200EA2288 /* RecommendMenuView.swift */,
				F5FE491A21BFB19100AD0B83 /* RatingStarView.swift */,
			);
			path = View;
			sourceTree = "<group>";
		};
		5C095BEA21BE7B3A00EA2288 /* Model */ = {
			isa = PBXGroup;
			children = (
				5C095C0421BE7B7900EA2288 /* Menu.swift */,
				5C095C0521BE7B7900EA2288 /* Review.swift */,
			);
			path = Model;
			sourceTree = "<group>";
		};
		5CE6128421ACE167004B03DF /* Extentions */ = {
			isa = PBXGroup;
			children = (
				5CE6128521ACE182004B03DF /* Extension.swift */,
			);
			path = Extentions;
			sourceTree = "<group>";
		};
		5CE6128D21ACE1AB004B03DF /* Cell */ = {
			isa = PBXGroup;
			children = (
				5CE6129321ACE1BF004B03DF /* CustomCell.swift */,
				5CE6129121ACE1BE004B03DF /* CustomCell.xib */,
				5CE6129521ACE1BF004B03DF /* RestaurantCell.swift */,
				5CE6128E21ACE1BE004B03DF /* RestaurantCell.xib */,
				5CE6129421ACE1BF004B03DF /* CafeCell.swift */,
				5CE6129021ACE1BE004B03DF /* CafeCell.xib */,
				5CE6128F21ACE1BE004B03DF /* PubCell.swift */,
				5CE6129221ACE1BF004B03DF /* PubCell.xib */,
				AD710CA021BFA64200109856 /* CategoryCell.swift */,
				AD710CA221BFA64F00109856 /* AdCell.swift */,
			);
			path = Cell;
			sourceTree = "<group>";
		};
		9D47ADFE8138479A3DF78E2A /* Frameworks */ = {
			isa = PBXGroup;
			children = (
				F58406E66D835A022FDD851F /* Pods_Yogiyo.framework */,
			);
			name = Frameworks;
			sourceTree = "<group>";
		};
		AD096D8D21AD05BA00BBCFD5 /* Storyboards */ = {
			isa = PBXGroup;
			children = (
				5C83B26121B51CF300E68318 /* signup.storyboard */,
				AD1F2A3C21B1BFED0054D24A /* Coupon.storyboard */,
				ADD3738721A3942B00471349 /* Main.storyboard */,
				5CE6128221ACE0AD004B03DF /* Sub.storyboard */,
				F57DFD7221AD0E2800EB3953 /* StoreInfo.storyboard */,
				ADD3738C21A3942C00471349 /* LaunchScreen.storyboard */,
			);
			path = Storyboards;
			sourceTree = "<group>";
		};
		ADD3737721A3942B00471349 = {
			isa = PBXGroup;
			children = (
				5C1D02A921AD55F500A90786 /* Login.storyboard */,
				ADD3738221A3942B00471349 /* Yogiyo */,
				ADD3738121A3942B00471349 /* Products */,
				E31EF85A296765E13AB6F3BA /* Pods */,
				9D47ADFE8138479A3DF78E2A /* Frameworks */,
			);
			sourceTree = "<group>";
		};
		ADD3738121A3942B00471349 /* Products */ = {
			isa = PBXGroup;
			children = (
				ADD3738021A3942B00471349 /* Yogiyo.app */,
			);
			name = Products;
			sourceTree = "<group>";
		};
		ADD3738221A3942B00471349 /* Yogiyo */ = {
			isa = PBXGroup;
			children = (
				ADD3738321A3942B00471349 /* AppDelegate.swift */,
				5CE6128B21ACE1A4004B03DF /* data.json */,
				F5ECA30521AB8B060070D5F1 /* Up */,
				ADD3738A21A3942C00471349 /* Assets.xcassets */,
				5C095BC421BE7ABB00EA2288 /* lastpage */,
				AD096D8D21AD05BA00BBCFD5 /* Storyboards */,
				ADD3738F21A3942C00471349 /* Info.plist */,
				5C94238C21B5307000F27097 /* Yogiyo-Bridging-Header.h */,
			);
			path = Yogiyo;
			sourceTree = "<group>";
		};
		E31EF85A296765E13AB6F3BA /* Pods */ = {
			isa = PBXGroup;
			children = (
				B1DBFE11AB4E3C0BF44E3D60 /* Pods-Yogiyo.debug.xcconfig */,
				BF250CD3012A0EE3BF47B6DA /* Pods-Yogiyo.release.xcconfig */,
			);
			name = Pods;
			sourceTree = "<group>";
		};
		F57DFD7621AD105F00EB3953 /* View */ = {
			isa = PBXGroup;
			children = (
				F57DFD7721AD107F00EB3953 /* StoreInfoSctollView.swift */,
				F57DFD7921AD10AE00EB3953 /* PaymentButtonView.swift */,
				F57DFD7B21AD10C700EB3953 /* TitleView.swift */,
				F57DFD7D21AD10EA00EB3953 /* CategoryButtonView.swift */,
			);
			name = View;
			path = "New Group";
			sourceTree = "<group>";
		};
		F5ECA30521AB8B060070D5F1 /* Up */ = {
			isa = PBXGroup;
			children = (
				F57DFD7621AD105F00EB3953 /* View */,
				5CE6128D21ACE1AB004B03DF /* Cell */,
				5CE6128421ACE167004B03DF /* Extentions */,
				F5ECA30921AB8B8B0070D5F1 /* Model */,
				F5ECA30621AB8B750070D5F1 /* ViewController */,
			);
			path = Up;
			sourceTree = "<group>";
		};
		F5ECA30621AB8B750070D5F1 /* ViewController */ = {
			isa = PBXGroup;
			children = (
				5CE6129E21ACE1CE004B03DF /* ClassificationViewController.swift */,
				AD91130D21AC47B100D12E0F /* SideMenuVC.swift */,
				AD91130F21AC47D500D12E0F /* ContainerVC.swift */,
				5C83B26321B51EF400E68318 /* SignUpViewController.swift */,
				AD1F2A3521B177DF0054D24A /* CouponVC.swift */,
				ADBB2DE621AEB05B00C57287 /* adVC.swift */,
				AD91130B21AC46D700D12E0F /* MainVC.swift */,
				F57DFD7421AD0E5800EB3953 /* StoreInfoViewController.swift */,
				5C1D02AB21AD572400A90786 /* LoginViewController.swift */,
			);
			path = ViewController;
			sourceTree = "<group>";
		};
		F5ECA30921AB8B8B0070D5F1 /* Model */ = {
			isa = PBXGroup;
			children = (
				5CE6128821ACE18D004B03DF /* eatery.swift */,
				5CE6128721ACE18D004B03DF /* eateryVO.swift */,
				5C453DCE21B6700C00363FC2 /* Foodlist.swift */,
			);
			path = Model;
			sourceTree = "<group>";
		};
/* End PBXGroup section */

/* Begin PBXNativeTarget section */
		ADD3737F21A3942B00471349 /* Yogiyo */ = {
			isa = PBXNativeTarget;
			buildConfigurationList = ADD3739221A3942C00471349 /* Build configuration list for PBXNativeTarget "Yogiyo" */;
			buildPhases = (
				2919842BD27B9AB5B3FC87FE /* [CP] Check Pods Manifest.lock */,
				ADD3737C21A3942B00471349 /* Sources */,
				ADD3737D21A3942B00471349 /* Frameworks */,
				ADD3737E21A3942B00471349 /* Resources */,
				07479BE84DE4CE24881109B8 /* [CP] Embed Pods Frameworks */,
			);
			buildRules = (
			);
			dependencies = (
			);
			name = Yogiyo;
			productName = Yogiyo;
			productReference = ADD3738021A3942B00471349 /* Yogiyo.app */;
			productType = "com.apple.product-type.application";
		};
/* End PBXNativeTarget section */

/* Begin PBXProject section */
		ADD3737821A3942B00471349 /* Project object */ = {
			isa = PBXProject;
			attributes = {
				LastSwiftUpdateCheck = 1000;
				LastUpgradeCheck = 1000;
				ORGANIZATIONNAME = "EunKyung Park";
				TargetAttributes = {
					ADD3737F21A3942B00471349 = {
						CreatedOnToolsVersion = 10.0;
						LastSwiftMigration = 1010;
					};
				};
			};
			buildConfigurationList = ADD3737B21A3942B00471349 /* Build configuration list for PBXProject "Yogiyo" */;
			compatibilityVersion = "Xcode 9.3";
			developmentRegion = en;
			hasScannedForEncodings = 0;
			knownRegions = (
				en,
				Base,
			);
			mainGroup = ADD3737721A3942B00471349;
			productRefGroup = ADD3738121A3942B00471349 /* Products */;
			projectDirPath = "";
			projectRoot = "";
			targets = (
				ADD3737F21A3942B00471349 /* Yogiyo */,
			);
		};
/* End PBXProject section */

/* Begin PBXResourcesBuildPhase section */
		ADD3737E21A3942B00471349 /* Resources */ = {
			isa = PBXResourcesBuildPhase;
			buildActionMask = 2147483647;
			files = (
				ADD3738E21A3942C00471349 /* LaunchScreen.storyboard in Resources */,
				ADD3738B21A3942C00471349 /* Assets.xcassets in Resources */,
				5CE6129921ACE1BF004B03DF /* CustomCell.xib in Resources */,
				5C095BF521BE7B6900EA2288 /* ReviewTableViewCell.xib in Resources */,
				5CE6129621ACE1BF004B03DF /* RestaurantCell.xib in Resources */,
				AD1F2A3D21B1BFED0054D24A /* Coupon.storyboard in Resources */,
				5CE6129821ACE1BF004B03DF /* CafeCell.xib in Resources */,
				5C83B26221B51CF300E68318 /* signup.storyboard in Resources */,
				ADD3738921A3942B00471349 /* Main.storyboard in Resources */,
				5CE6129A21ACE1BF004B03DF /* PubCell.xib in Resources */,
				5CE6128C21ACE1A4004B03DF /* data.json in Resources */,
				F57DFD7321AD0E2800EB3953 /* StoreInfo.storyboard in Resources */,
				5CE6128321ACE0AD004B03DF /* Sub.storyboard in Resources */,
				5C1D02AA21AD55F500A90786 /* Login.storyboard in Resources */,
			);
			runOnlyForDeploymentPostprocessing = 0;
		};
/* End PBXResourcesBuildPhase section */

/* Begin PBXShellScriptBuildPhase section */
		07479BE84DE4CE24881109B8 /* [CP] Embed Pods Frameworks */ = {
			isa = PBXShellScriptBuildPhase;
			buildActionMask = 2147483647;
			files = (
			);
			inputFileListPaths = (
			);
			inputPaths = (
				"${SRCROOT}/Pods/Target Support Files/Pods-Yogiyo/Pods-Yogiyo-frameworks.sh",
				"${BUILT_PRODUCTS_DIR}/Alamofire/Alamofire.framework",
				"${BUILT_PRODUCTS_DIR}/AlamofireImage/AlamofireImage.framework",
				"${BUILT_PRODUCTS_DIR}/SwiftyJSON/SwiftyJSON.framework",
			);
			name = "[CP] Embed Pods Frameworks";
			outputFileListPaths = (
			);
			outputPaths = (
				"${TARGET_BUILD_DIR}/${FRAMEWORKS_FOLDER_PATH}/Alamofire.framework",
				"${TARGET_BUILD_DIR}/${FRAMEWORKS_FOLDER_PATH}/AlamofireImage.framework",
				"${TARGET_BUILD_DIR}/${FRAMEWORKS_FOLDER_PATH}/SwiftyJSON.framework",
			);
			runOnlyForDeploymentPostprocessing = 0;
			shellPath = /bin/sh;
			shellScript = "\"${SRCROOT}/Pods/Target Support Files/Pods-Yogiyo/Pods-Yogiyo-frameworks.sh\"\n";
			showEnvVarsInLog = 0;
		};
		2919842BD27B9AB5B3FC87FE /* [CP] Check Pods Manifest.lock */ = {
			isa = PBXShellScriptBuildPhase;
			buildActionMask = 2147483647;
			files = (
			);
			inputFileListPaths = (
			);
			inputPaths = (
				"${PODS_PODFILE_DIR_PATH}/Podfile.lock",
				"${PODS_ROOT}/Manifest.lock",
			);
			name = "[CP] Check Pods Manifest.lock";
			outputFileListPaths = (
			);
			outputPaths = (
				"$(DERIVED_FILE_DIR)/Pods-Yogiyo-checkManifestLockResult.txt",
			);
			runOnlyForDeploymentPostprocessing = 0;
			shellPath = /bin/sh;
			shellScript = "diff \"${PODS_PODFILE_DIR_PATH}/Podfile.lock\" \"${PODS_ROOT}/Manifest.lock\" > /dev/null\nif [ $? != 0 ] ; then\n    # print error to STDERR\n    echo \"error: The sandbox is not in sync with the Podfile.lock. Run 'pod install' or update your CocoaPods installation.\" >&2\n    exit 1\nfi\n# This output is used by Xcode 'outputs' to avoid re-running this script phase.\necho \"SUCCESS\" > \"${SCRIPT_OUTPUT_FILE_0}\"\n";
			showEnvVarsInLog = 0;
		};
/* End PBXShellScriptBuildPhase section */

/* Begin PBXSourcesBuildPhase section */
		ADD3737C21A3942B00471349 /* Sources */ = {
			isa = PBXSourcesBuildPhase;
			buildActionMask = 2147483647;
			files = (
				5C83B26421B51EF400E68318 /* SignUpViewController.swift in Sources */,
				5C1D02AC21AD572400A90786 /* LoginViewController.swift in Sources */,
				AD710CA121BFA64200109856 /* CategoryCell.swift in Sources */,
				F5FE491B21BFB19100AD0B83 /* RatingStarView.swift in Sources */,
				5CE6129D21ACE1BF004B03DF /* RestaurantCell.swift in Sources */,
				F5A5C6BB21C0C79700C55E20 /* SelectionPaymentView.swift in Sources */,
				5CE6129721ACE1BF004B03DF /* PubCell.swift in Sources */,
				AD91130C21AC46D700D12E0F /* MainVC.swift in Sources */,
				ADBB2DE721AEB05B00C57287 /* adVC.swift in Sources */,
				F57DFD7521AD0E5800EB3953 /* StoreInfoViewController.swift in Sources */,
				F57DFD7A21AD10AE00EB3953 /* PaymentButtonView.swift in Sources */,
				5CE6129B21ACE1BF004B03DF /* CustomCell.swift in Sources */,
				5C095C0721BE7B7900EA2288 /* Menu.swift in Sources */,
				F57DFD7E21AD10EA00EB3953 /* CategoryButtonView.swift in Sources */,
				F5FE491D21BFD96600AD0B83 /* SelectionViewController.swift in Sources */,
				5C095BF421BE7B6900EA2288 /* RecommendMenuViewCell.swift in Sources */,
				5C095C0021BE7B7200EA2288 /* CategoryButtonsView.swift in Sources */,
				5CE6128A21ACE18D004B03DF /* eatery.swift in Sources */,
				5C095C0221BE7B7200EA2288 /* TitleImageView.swift in Sources */,
				F57DFD7C21AD10C700EB3953 /* TitleView.swift in Sources */,
				F5FE491921BFADD600AD0B83 /* MenuTitleTableViewCell.swift in Sources */,
				AD91130E21AC47B100D12E0F /* SideMenuVC.swift in Sources */,
				5CE6128621ACE182004B03DF /* Extension.swift in Sources */,
				5C453DCF21B6700C00363FC2 /* Foodlist.swift in Sources */,
				ADD3738421A3942B00471349 /* AppDelegate.swift in Sources */,
				5C095BFD21BE7B7200EA2288 /* PaymentView.swift in Sources */,
				AD710CA321BFA64F00109856 /* AdCell.swift in Sources */,
				5CE6129F21ACE1CE004B03DF /* ClassificationViewController.swift in Sources */,
				5CE6128921ACE18D004B03DF /* eateryVO.swift in Sources */,
				5C095BFE21BE7B7200EA2288 /* HeaderView.swift in Sources */,
				F5A5C6BD21C0CCBF00C55E20 /* SelectionInfoTableViewCell.swift in Sources */,
				5C095BF621BE7B6900EA2288 /* ReviewTopTableViewCell.swift in Sources */,
				F57DFD7821AD107F00EB3953 /* StoreInfoSctollView.swift in Sources */,
				AD91131021AC47D500D12E0F /* ContainerVC.swift in Sources */,
				5C095BF221BE7B6900EA2288 /* RatingTableViewCell.swift in Sources */,
				5C095C0821BE7B7900EA2288 /* Review.swift in Sources */,
				AD1F2A3621B177DF0054D24A /* CouponVC.swift in Sources */,
				F5FE491721BFA38600AD0B83 /* MenuTableViewCell.swift in Sources */,
				5C095BF321BE7B6900EA2288 /* ReviewTableViewCell.swift in Sources */,
				5C095C0121BE7B7200EA2288 /* RecommendMenuView.swift in Sources */,
				5C095BFF21BE7B7200EA2288 /* TitleInfoView.swift in Sources */,
				5C095BEC21BE7B5A00EA2288 /* RestaurantViewController.swift in Sources */,
				5CE6129C21ACE1BF004B03DF /* CafeCell.swift in Sources */,
			);
			runOnlyForDeploymentPostprocessing = 0;
		};
/* End PBXSourcesBuildPhase section */

/* Begin PBXVariantGroup section */
		ADD3738721A3942B00471349 /* Main.storyboard */ = {
			isa = PBXVariantGroup;
			children = (
				ADD3738821A3942B00471349 /* Base */,
			);
			name = Main.storyboard;
			sourceTree = "<group>";
		};
		ADD3738C21A3942C00471349 /* LaunchScreen.storyboard */ = {
			isa = PBXVariantGroup;
			children = (
				ADD3738D21A3942C00471349 /* Base */,
			);
			name = LaunchScreen.storyboard;
			sourceTree = "<group>";
		};
/* End PBXVariantGroup section */

/* Begin XCBuildConfiguration section */
		ADD3739021A3942C00471349 /* Debug */ = {
			isa = XCBuildConfiguration;
			buildSettings = {
				ALWAYS_SEARCH_USER_PATHS = NO;
				CLANG_ANALYZER_NONNULL = YES;
				CLANG_ANALYZER_NUMBER_OBJECT_CONVERSION = YES_AGGRESSIVE;
				CLANG_CXX_LANGUAGE_STANDARD = "gnu++14";
				CLANG_CXX_LIBRARY = "libc++";
				CLANG_ENABLE_MODULES = YES;
				CLANG_ENABLE_OBJC_ARC = YES;
				CLANG_ENABLE_OBJC_WEAK = YES;
				CLANG_WARN_BLOCK_CAPTURE_AUTORELEASING = YES;
				CLANG_WARN_BOOL_CONVERSION = YES;
				CLANG_WARN_COMMA = YES;
				CLANG_WARN_CONSTANT_CONVERSION = YES;
				CLANG_WARN_DEPRECATED_OBJC_IMPLEMENTATIONS = YES;
				CLANG_WARN_DIRECT_OBJC_ISA_USAGE = YES_ERROR;
				CLANG_WARN_DOCUMENTATION_COMMENTS = YES;
				CLANG_WARN_EMPTY_BODY = YES;
				CLANG_WARN_ENUM_CONVERSION = YES;
				CLANG_WARN_INFINITE_RECURSION = YES;
				CLANG_WARN_INT_CONVERSION = YES;
				CLANG_WARN_NON_LITERAL_NULL_CONVERSION = YES;
				CLANG_WARN_OBJC_IMPLICIT_RETAIN_SELF = YES;
				CLANG_WARN_OBJC_LITERAL_CONVERSION = YES;
				CLANG_WARN_OBJC_ROOT_CLASS = YES_ERROR;
				CLANG_WARN_RANGE_LOOP_ANALYSIS = YES;
				CLANG_WARN_STRICT_PROTOTYPES = YES;
				CLANG_WARN_SUSPICIOUS_MOVE = YES;
				CLANG_WARN_UNGUARDED_AVAILABILITY = YES_AGGRESSIVE;
				CLANG_WARN_UNREACHABLE_CODE = YES;
				CLANG_WARN__DUPLICATE_METHOD_MATCH = YES;
				CODE_SIGN_IDENTITY = "iPhone Developer";
				COPY_PHASE_STRIP = NO;
				DEBUG_INFORMATION_FORMAT = dwarf;
				ENABLE_STRICT_OBJC_MSGSEND = YES;
				ENABLE_TESTABILITY = YES;
				GCC_C_LANGUAGE_STANDARD = gnu11;
				GCC_DYNAMIC_NO_PIC = NO;
				GCC_NO_COMMON_BLOCKS = YES;
				GCC_OPTIMIZATION_LEVEL = 0;
				GCC_PREPROCESSOR_DEFINITIONS = (
					"DEBUG=1",
					"$(inherited)",
				);
				GCC_WARN_64_TO_32_BIT_CONVERSION = YES;
				GCC_WARN_ABOUT_RETURN_TYPE = YES_ERROR;
				GCC_WARN_UNDECLARED_SELECTOR = YES;
				GCC_WARN_UNINITIALIZED_AUTOS = YES_AGGRESSIVE;
				GCC_WARN_UNUSED_FUNCTION = YES;
				GCC_WARN_UNUSED_VARIABLE = YES;
				IPHONEOS_DEPLOYMENT_TARGET = 12.0;
				MTL_ENABLE_DEBUG_INFO = INCLUDE_SOURCE;
				MTL_FAST_MATH = YES;
				ONLY_ACTIVE_ARCH = YES;
				SDKROOT = iphoneos;
				SWIFT_ACTIVE_COMPILATION_CONDITIONS = DEBUG;
				SWIFT_OPTIMIZATION_LEVEL = "-Onone";
			};
			name = Debug;
		};
		ADD3739121A3942C00471349 /* Release */ = {
			isa = XCBuildConfiguration;
			buildSettings = {
				ALWAYS_SEARCH_USER_PATHS = NO;
				CLANG_ANALYZER_NONNULL = YES;
				CLANG_ANALYZER_NUMBER_OBJECT_CONVERSION = YES_AGGRESSIVE;
				CLANG_CXX_LANGUAGE_STANDARD = "gnu++14";
				CLANG_CXX_LIBRARY = "libc++";
				CLANG_ENABLE_MODULES = YES;
				CLANG_ENABLE_OBJC_ARC = YES;
				CLANG_ENABLE_OBJC_WEAK = YES;
				CLANG_WARN_BLOCK_CAPTURE_AUTORELEASING = YES;
				CLANG_WARN_BOOL_CONVERSION = YES;
				CLANG_WARN_COMMA = YES;
				CLANG_WARN_CONSTANT_CONVERSION = YES;
				CLANG_WARN_DEPRECATED_OBJC_IMPLEMENTATIONS = YES;
				CLANG_WARN_DIRECT_OBJC_ISA_USAGE = YES_ERROR;
				CLANG_WARN_DOCUMENTATION_COMMENTS = YES;
				CLANG_WARN_EMPTY_BODY = YES;
				CLANG_WARN_ENUM_CONVERSION = YES;
				CLANG_WARN_INFINITE_RECURSION = YES;
				CLANG_WARN_INT_CONVERSION = YES;
				CLANG_WARN_NON_LITERAL_NULL_CONVERSION = YES;
				CLANG_WARN_OBJC_IMPLICIT_RETAIN_SELF = YES;
				CLANG_WARN_OBJC_LITERAL_CONVERSION = YES;
				CLANG_WARN_OBJC_ROOT_CLASS = YES_ERROR;
				CLANG_WARN_RANGE_LOOP_ANALYSIS = YES;
				CLANG_WARN_STRICT_PROTOTYPES = YES;
				CLANG_WARN_SUSPICIOUS_MOVE = YES;
				CLANG_WARN_UNGUARDED_AVAILABILITY = YES_AGGRESSIVE;
				CLANG_WARN_UNREACHABLE_CODE = YES;
				CLANG_WARN__DUPLICATE_METHOD_MATCH = YES;
				CODE_SIGN_IDENTITY = "iPhone Developer";
				COPY_PHASE_STRIP = NO;
				DEBUG_INFORMATION_FORMAT = "dwarf-with-dsym";
				ENABLE_NS_ASSERTIONS = NO;
				ENABLE_STRICT_OBJC_MSGSEND = YES;
				GCC_C_LANGUAGE_STANDARD = gnu11;
				GCC_NO_COMMON_BLOCKS = YES;
				GCC_WARN_64_TO_32_BIT_CONVERSION = YES;
				GCC_WARN_ABOUT_RETURN_TYPE = YES_ERROR;
				GCC_WARN_UNDECLARED_SELECTOR = YES;
				GCC_WARN_UNINITIALIZED_AUTOS = YES_AGGRESSIVE;
				GCC_WARN_UNUSED_FUNCTION = YES;
				GCC_WARN_UNUSED_VARIABLE = YES;
				IPHONEOS_DEPLOYMENT_TARGET = 12.0;
				MTL_ENABLE_DEBUG_INFO = NO;
				MTL_FAST_MATH = YES;
				SDKROOT = iphoneos;
				SWIFT_COMPILATION_MODE = wholemodule;
				SWIFT_OPTIMIZATION_LEVEL = "-O";
				VALIDATE_PRODUCT = YES;
			};
			name = Release;
		};
		ADD3739321A3942C00471349 /* Debug */ = {
			isa = XCBuildConfiguration;
			baseConfigurationReference = B1DBFE11AB4E3C0BF44E3D60 /* Pods-Yogiyo.debug.xcconfig */;
			buildSettings = {
				ASSETCATALOG_COMPILER_APPICON_NAME = AppIcon;
				CLANG_ENABLE_MODULES = YES;
				CODE_SIGN_IDENTITY = "iPhone Developer";
				CODE_SIGN_STYLE = Automatic;
				DEVELOPMENT_TEAM = G4MM77V7NH;
				INFOPLIST_FILE = Yogiyo/Info.plist;
				LD_RUNPATH_SEARCH_PATHS = (
					"$(inherited)",
					"@executable_path/Frameworks",
				);
				PRODUCT_BUNDLE_IDENTIFIER = com.ios.yogiyo;
				PRODUCT_NAME = "$(TARGET_NAME)";
				PROVISIONING_PROFILE_SPECIFIER = "";
				SWIFT_OBJC_BRIDGING_HEADER = "Yogiyo/Yogiyo-Bridging-Header.h";
				SWIFT_OPTIMIZATION_LEVEL = "-Onone";
				SWIFT_VERSION = 4.2;
				TARGETED_DEVICE_FAMILY = "1,2";
			};
			name = Debug;
		};
		ADD3739421A3942C00471349 /* Release */ = {
			isa = XCBuildConfiguration;
			baseConfigurationReference = BF250CD3012A0EE3BF47B6DA /* Pods-Yogiyo.release.xcconfig */;
			buildSettings = {
				ASSETCATALOG_COMPILER_APPICON_NAME = AppIcon;
				CLANG_ENABLE_MODULES = YES;
				CODE_SIGN_IDENTITY = "iPhone Developer";
				CODE_SIGN_STYLE = Automatic;
				DEVELOPMENT_TEAM = G4MM77V7NH;
				INFOPLIST_FILE = Yogiyo/Info.plist;
				LD_RUNPATH_SEARCH_PATHS = (
					"$(inherited)",
					"@executable_path/Frameworks",
				);
				PRODUCT_BUNDLE_IDENTIFIER = com.ios.yogiyo;
				PRODUCT_NAME = "$(TARGET_NAME)";
				PROVISIONING_PROFILE_SPECIFIER = "";
				SWIFT_OBJC_BRIDGING_HEADER = "Yogiyo/Yogiyo-Bridging-Header.h";
				SWIFT_VERSION = 4.2;
				TARGETED_DEVICE_FAMILY = "1,2";
			};
			name = Release;
		};
/* End XCBuildConfiguration section */

/* Begin XCConfigurationList section */
		ADD3737B21A3942B00471349 /* Build configuration list for PBXProject "Yogiyo" */ = {
			isa = XCConfigurationList;
			buildConfigurations = (
				ADD3739021A3942C00471349 /* Debug */,
				ADD3739121A3942C00471349 /* Release */,
			);
			defaultConfigurationIsVisible = 0;
			defaultConfigurationName = Release;
		};
		ADD3739221A3942C00471349 /* Build configuration list for PBXNativeTarget "Yogiyo" */ = {
			isa = XCConfigurationList;
			buildConfigurations = (
				ADD3739321A3942C00471349 /* Debug */,
				ADD3739421A3942C00471349 /* Release */,
			);
			defaultConfigurationIsVisible = 0;
			defaultConfigurationName = Release;
		};
/* End XCConfigurationList section */
	};
	rootObject = ADD3737821A3942B00471349 /* Project object */;
}
