PODS:
  - Alamofire (4.7.3)
  - AlamofireImage (3.4.1):
    - Alamofire (~> 4.7)
  - GoogleMaps (2.7.0):
    - GoogleMaps/Maps (= 2.7.0)
  - GoogleMaps/Base (2.7.0)
  - GoogleMaps/Maps (2.7.0):
    - GoogleMaps/Base
  - KakaoOpenSDK (1.10.0):
    - KakaoOpenSDK/KakaoCommon (= 1.10.0)
    - KakaoOpenSDK/KakaoLink (= 1.10.0)
    - KakaoOpenSDK/KakaoMessageTemplate (= 1.10.0)
    - KakaoOpenSDK/KakaoNavi (= 1.10.0)
    - KakaoOpenSDK/KakaoOpenSDK (= 1.10.0)
    - KakaoOpenSDK/KakaoS2 (= 1.10.0)
  - KakaoOpenSDK/KakaoCommon (1.10.0)
  - KakaoOpenSDK/KakaoLink (1.10.0):
    - KakaoOpenSDK/KakaoCommon
  - KakaoOpenSDK/KakaoMessageTemplate (1.10.0)
  - KakaoOpenSDK/KakaoNavi (1.10.0):
    - KakaoOpenSDK/KakaoCommon
  - KakaoOpenSDK/KakaoOpenSDK (1.10.0)
  - KakaoOpenSDK/KakaoS2 (1.10.0):
    - KakaoOpenSDK/KakaoCommon
  - SwiftyJSON (4.2.0)

DEPENDENCIES:
  - Alamofire
  - AlamofireImage
  - GoogleMaps
  - KakaoOpenSDK
  - SwiftyJSON (~> 4.2)

SPEC REPOS:
  https://github.com/cocoapods/specs.git:
    - Alamofire
    - AlamofireImage
    - GoogleMaps
    - KakaoOpenSDK
    - SwiftyJSON

SPEC CHECKSUMS:
  Alamofire: c7287b6e5d7da964a70935e5db17046b7fde6568
  AlamofireImage: 78d67ccbb763d87ba44b21583d2153500a195630
  GoogleMaps: f79af95cb24d869457b1f961c93d3ce8b2f3b848
  KakaoOpenSDK: efae64765210068818e6de3f32126a877a532583
  SwiftyJSON: c4bcba26dd9ec7a027fc8eade48e2c911f229e96

PODFILE CHECKSUM: 1303bd98af409fd670f38c7e13afc3a1587766c7

COCOAPODS: 1.5.3
